
Microsoft Visual Studio Solution File, Format Version 12.00
# Visual Studio Version 17
VisualStudioVersion = 17.10.34928.147
MinimumVisualStudioVersion = 10.0.40219.1
Project("{9A19103F-16F7-4668-BE54-9A1E7A4F7556}") = "Infrastructure", "Infrastucture\Infrastructure.csproj", "{4FC97421-83E5-49ED-A9E1-7101DBF84CD8}"
	ProjectSection(ProjectDependencies) = postProject
		{BFF3BD23-2D67-4C72-9FD0-A90788DA0D23} = {BFF3BD23-2D67-4C72-9FD0-A90788DA0D23}
	EndProjectSection
EndProject
Project("{9A19103F-16F7-4668-BE54-9A1E7A4F7556}") = "Domian", "Domian\Domian.csproj", "{BFF3BD23-2D67-4C72-9FD0-A90788DA0D23}"
EndProject
Project("{9A19103F-16F7-4668-BE54-9A1E7A4F7556}") = "WebUI", "WebUI\WebUI.csproj", "{B335674F-26B3-40CB-B258-5BBCA0C50AB4}"
EndProject
Project("{9A19103F-16F7-4668-BE54-9A1E7A4F7556}") = "Application", "Application\Application.csproj", "{BD82ED55-B500-4F44-81C9-B5B1B124EED9}"
EndProject
Global
	GlobalSection(SolutionConfigurationPlatforms) = preSolution
		Debug|Any CPU = Debug|Any CPU
		Release|Any CPU = Release|Any CPU
	EndGlobalSection
	GlobalSection(ProjectConfigurationPlatforms) = postSolution
		{4FC97421-83E5-49ED-A9E1-7101DBF84CD8}.Debug|Any CPU.ActiveCfg = Debug|Any CPU
		{4FC97421-83E5-49ED-A9E1-7101DBF84CD8}.Debug|Any CPU.Build.0 = Debug|Any CPU
		{4FC97421-83E5-49ED-A9E1-7101DBF84CD8}.Release|Any CPU.ActiveCfg = Release|Any CPU
		{4FC97421-83E5-49ED-A9E1-7101DBF84CD8}.Release|Any CPU.Build.0 = Release|Any CPU
		{BFF3BD23-2D67-4C72-9FD0-A90788DA0D23}.Debug|Any CPU.ActiveCfg = Debug|Any CPU
		{BFF3BD23-2D67-4C72-9FD0-A90788DA0D23}.Debug|Any CPU.Build.0 = Debug|Any CPU
		{BFF3BD23-2D67-4C72-9FD0-A90788DA0D23}.Release|Any CPU.ActiveCfg = Release|Any CPU
		{BFF3BD23-2D67-4C72-9FD0-A90788DA0D23}.Release|Any CPU.Build.0 = Release|Any CPU
		{B335674F-26B3-40CB-B258-5BBCA0C50AB4}.Debug|Any CPU.ActiveCfg = Debug|Any CPU
		{B335674F-26B3-40CB-B258-5BBCA0C50AB4}.Debug|Any CPU.Build.0 = Debug|Any CPU
		{B335674F-26B3-40CB-B258-5BBCA0C50AB4}.Release|Any CPU.ActiveCfg = Release|Any CPU
		{B335674F-26B3-40CB-B258-5BBCA0C50AB4}.Release|Any CPU.Build.0 = Release|Any CPU
		{BD82ED55-B500-4F44-81C9-B5B1B124EED9}.Debug|Any CPU.ActiveCfg = Debug|Any CPU
		{BD82ED55-B500-4F44-81C9-B5B1B124EED9}.Debug|Any CPU.Build.0 = Debug|Any CPU
		{BD82ED55-B500-4F44-81C9-B5B1B124EED9}.Release|Any CPU.ActiveCfg = Release|Any CPU
		{BD82ED55-B500-4F44-81C9-B5B1B124EED9}.Release|Any CPU.Build.0 = Release|Any CPU
	EndGlobalSection
	GlobalSection(SolutionProperties) = preSolution
		HideSolutionNode = FALSE
	EndGlobalSection
	GlobalSection(ExtensibilityGlobals) = postSolution
		SolutionGuid = {F4C2DC37-6A59-400F-B6CC-4C1E8FA220E9}
	EndGlobalSection
EndGlobal
